<?xml version="1.0" encoding="utf-8"?>
<Project ToolsVersion="4.0" xmlns="http://schemas.microsoft.com/developer/msbuild/2003">
  <ItemGroup>
    <Filter Include="源文件">
      <UniqueIdentifier>{4FC737F1-C7A5-4376-A066-2A32D752A2FF}</UniqueIdentifier>
      <Extensions>cpp;c;cc;cxx;def;odl;idl;hpj;bat;asm;asmx</Extensions>
    </Filter>
    <Filter Include="头文件">
      <UniqueIdentifier>{93995380-89BD-4b04-88EB-625FBE52EBFB}</UniqueIdentifier>
      <Extensions>h;hh;hpp;hxx;hm;inl;inc;ipp;xsd</Extensions>
    </Filter>
    <Filter Include="资源文件">
      <UniqueIdentifier>{67DA6AB6-F800-4c08-8B7A-83BB121AAD01}</UniqueIdentifier>
      <Extensions>rc;ico;cur;bmp;dlg;rc2;rct;bin;rgs;gif;jpg;jpeg;jpe;resx;tiff;tif;png;wav;mfcribbon-ms</Extensions>
    </Filter>
    <Filter Include="Common">
      <UniqueIdentifier>{1d66a5a8-24d2-45cb-9a1d-93a24dba9026}</UniqueIdentifier>
    </Filter>
    <Filter Include="Driver">
      <UniqueIdentifier>{a2c74eb2-a01a-4113-9e86-d4a03734bd94}</UniqueIdentifier>
    </Filter>
    <Filter Include="Win32">
      <UniqueIdentifier>{522b57cc-463a-4f64-ae87-1139e22315e6}</UniqueIdentifier>
    </Filter>
    <Filter Include="Socket">
      <UniqueIdentifier>{ab1ecca7-18c6-4c43-98fd-47434ef0e996}</UniqueIdentifier>
    </Filter>
    <Filter Include="DB">
      <UniqueIdentifier>{2c972461-f9f3-4c6a-a2b3-d35fe5c2987d}</UniqueIdentifier>
    </Filter>
    <Filter Include="UI">
      <UniqueIdentifier>{52a9d284-b7a4-4847-8ca1-d561af44ef23}</UniqueIdentifier>
    </Filter>
  </ItemGroup>
  <ItemGroup>
    <ClInclude Include="stdafx.h">
      <Filter>头文件</Filter>
    </ClInclude>
    <ClInclude Include="targetver.h">
      <Filter>头文件</Filter>
    </ClInclude>
    <ClInclude Include="My\My\Common\Explode.h">
      <Filter>Common</Filter>
    </ClInclude>
    <ClInclude Include="My\My\Common\HttpClient.h">
      <Filter>Common</Filter>
    </ClInclude>
    <ClInclude Include="My\My\Common\Json.h">
      <Filter>Common</Filter>
    </ClInclude>
    <ClInclude Include="My\My\Common\Link.hpp">
      <Filter>Common</Filter>
    </ClInclude>
    <ClInclude Include="My\My\Common\mystring.h">
      <Filter>Common</Filter>
    </ClInclude>
    <ClInclude Include="My\My\Common\OpenTextFile.h">
      <Filter>Common</Filter>
    </ClInclude>
    <ClInclude Include="My\My\Common\PregMatch.h">
      <Filter>Common</Filter>
    </ClInclude>
    <ClInclude Include="My\My\Common\func.h">
      <Filter>Common</Filter>
    </ClInclude>
    <ClInclude Include="My\My\Driver\KbdMou.h">
      <Filter>Driver</Filter>
    </ClInclude>
    <ClInclude Include="My\My\Driver\Sys.h">
      <Filter>Driver</Filter>
    </ClInclude>
    <ClInclude Include="My\My\Driver\JumpSafe.h">
      <Filter>Driver</Filter>
    </ClInclude>
    <ClInclude Include="My\My\Win32\Peb.h">
      <Filter>Win32</Filter>
    </ClInclude>
    <ClInclude Include="My\My\Win32\Hook.h">
      <Filter>Win32</Filter>
    </ClInclude>
    <ClInclude Include="My\My\Socket\Client.h">
      <Filter>Socket</Filter>
    </ClInclude>
    <ClInclude Include="My\My\Socket\MServer.h">
      <Filter>Socket</Filter>
    </ClInclude>
    <ClInclude Include="My\My\Socket\SocketString.h">
      <Filter>Socket</Filter>
    </ClInclude>
    <ClInclude Include="My\My\Win32\PE.h">
      <Filter>Win32</Filter>
    </ClInclude>
    <ClInclude Include="My\My\Db\Sqlite.h">
      <Filter>DB</Filter>
    </ClInclude>
    <ClInclude Include="My\My\Db\sqlite3.h">
      <Filter>DB</Filter>
    </ClInclude>
    <ClInclude Include="My\My\Common\MachineID.h">
      <Filter>Common</Filter>
    </ClInclude>
    <ClInclude Include="My\My\Common\md5.h">
      <Filter>Common</Filter>
    </ClInclude>
    <ClInclude Include="My\My\Common\C.h">
      <Filter>Common</Filter>
    </ClInclude>
    <ClInclude Include="My\My\Common\Des.h">
      <Filter>Common</Filter>
    </ClInclude>
    <ClInclude Include="My\My\Common\MachineID2.h">
      <Filter>Common</Filter>
    </ClInclude>
    <ClInclude Include="My\My\Common\SeeImgNum.h">
      <Filter>Common</Filter>
    </ClInclude>
    <ClInclude Include="Asm.h">
      <Filter>头文件</Filter>
    </ClInclude>
    <ClInclude Include="My\My\Socket\HttpSocket.h">
      <Filter>Socket</Filter>
    </ClInclude>
    <ClInclude Include="My\My\Common\EncryptString.h">
      <Filter>Common</Filter>
    </ClInclude>
    <ClInclude Include="My\My\Common\MString.h">
      <Filter>Common</Filter>
    </ClInclude>
    <ClInclude Include="My\My\Common\Base64.h">
      <Filter>Common</Filter>
    </ClInclude>
    <ClInclude Include="My\My\Common\Sha1.h">
      <Filter>Common</Filter>
    </ClInclude>
    <ClInclude Include="My\My\Win32\LoadDll.h">
      <Filter>Win32</Filter>
    </ClInclude>
    <ClInclude Include="My\My\Win32\ShowHook.h">
      <Filter>Win32</Filter>
    </ClInclude>
    <ClInclude Include="My\My\Db\Sql.h">
      <Filter>DB</Filter>
    </ClInclude>
    <ClInclude Include="My\My\Common\AutoReadImgWord.h">
      <Filter>Common</Filter>
    </ClInclude>
    <ClInclude Include="My\My\UI\wke.h">
      <Filter>UI</Filter>
    </ClInclude>
    <ClInclude Include="My\My\UI\HtmlUI.h">
      <Filter>UI</Filter>
    </ClInclude>
    <ClInclude Include="My\My\UI\HtmlUIData.h">
      <Filter>UI</Filter>
    </ClInclude>
    <ClInclude Include="My\My\Common\FileConfig.h">
      <Filter>Common</Filter>
    </ClInclude>
    <ClInclude Include="My\My\Common\DownFile.h">
      <Filter>Common</Filter>
    </ClInclude>
  </ItemGroup>
  <ItemGroup>
    <ClCompile Include="stdafx.cpp">
      <Filter>源文件</Filter>
    </ClCompile>
    <ClCompile Include="My\My\Common\Explode.cpp">
      <Filter>Common</Filter>
    </ClCompile>
    <ClCompile Include="My\My\Common\HttpClient.cpp">
      <Filter>Common</Filter>
    </ClCompile>
    <ClCompile Include="My\My\Common\Json.cpp">
      <Filter>Common</Filter>
    </ClCompile>
    <ClCompile Include="My\My\Common\mystring.cpp">
      <Filter>Common</Filter>
    </ClCompile>
    <ClCompile Include="My\My\Common\OpenTextFile.cpp">
      <Filter>Common</Filter>
    </ClCompile>
    <ClCompile Include="My\My\Common\PregMatch.cpp">
      <Filter>Common</Filter>
    </ClCompile>
    <ClCompile Include="My\My\Common\func.cpp">
      <Filter>Common</Filter>
    </ClCompile>
    <ClCompile Include="My\My\Driver\KbdMou.cpp">
      <Filter>Driver</Filter>
    </ClCompile>
    <ClCompile Include="My\My\Driver\Sys.cpp">
      <Filter>Driver</Filter>
    </ClCompile>
    <ClCompile Include="My\My\Driver\JumpSafe.cpp">
      <Filter>Driver</Filter>
    </ClCompile>
    <ClCompile Include="My\My\Win32\Peb.cpp">
      <Filter>Win32</Filter>
    </ClCompile>
    <ClCompile Include="My\My\Win32\Hook.cpp">
      <Filter>Win32</Filter>
    </ClCompile>
    <ClCompile Include="My\My\Socket\Client.cpp">
      <Filter>Socket</Filter>
    </ClCompile>
    <ClCompile Include="My\My\Socket\MServer.cpp">
      <Filter>Socket</Filter>
    </ClCompile>
    <ClCompile Include="My\My\Socket\SocketString.cpp">
      <Filter>Socket</Filter>
    </ClCompile>
    <ClCompile Include="My\My\Win32\PE.cpp">
      <Filter>Win32</Filter>
    </ClCompile>
    <ClCompile Include="My\My\Db\Sqlite.cpp">
      <Filter>DB</Filter>
    </ClCompile>
    <ClCompile Include="My\My\Db\sqlite3.c">
      <Filter>DB</Filter>
    </ClCompile>
    <ClCompile Include="My\My\Common\MachineID.cpp">
      <Filter>Common</Filter>
    </ClCompile>
    <ClCompile Include="My\My\Common\md5.cpp">
      <Filter>Common</Filter>
    </ClCompile>
    <ClCompile Include="My\My\Common\C.cpp">
      <Filter>Common</Filter>
    </ClCompile>
    <ClCompile Include="My\My\Common\Des.cpp">
      <Filter>Common</Filter>
    </ClCompile>
    <ClCompile Include="My\My\Common\MachineID2.cpp">
      <Filter>Common</Filter>
    </ClCompile>
    <ClCompile Include="My\My\Common\SeeImgNum.cpp">
      <Filter>Common</Filter>
    </ClCompile>
    <ClCompile Include="My\My\Socket\HttpSocket.cpp">
      <Filter>Socket</Filter>
    </ClCompile>
    <ClCompile Include="My\My\Common\EncryptString.cpp">
      <Filter>Common</Filter>
    </ClCompile>
    <ClCompile Include="My\My\Common\MString.cpp">
      <Filter>Common</Filter>
    </ClCompile>
    <ClCompile Include="My\My\Common\Base64.cpp">
      <Filter>Common</Filter>
    </ClCompile>
    <ClCompile Include="My\My\Common\Sha1.cpp">
      <Filter>Common</Filter>
    </ClCompile>
    <ClCompile Include="My\My\Win32\LoadDll.cpp">
      <Filter>Win32</Filter>
    </ClCompile>
    <ClCompile Include="My\My\Win32\ShowHook.cpp">
      <Filter>Win32</Filter>
    </ClCompile>
    <ClCompile Include="My\My\Db\Sql.cpp">
      <Filter>DB</Filter>
    </ClCompile>
    <ClCompile Include="My\My\Common\AutoReadImgWord.cpp">
      <Filter>Common</Filter>
    </ClCompile>
    <ClCompile Include="My\My\UI\HtmlUI.cpp">
      <Filter>UI</Filter>
    </ClCompile>
    <ClCompile Include="My\My\Common\FileConfig.cpp">
      <Filter>Common</Filter>
    </ClCompile>
    <ClCompile Include="My\My\Common\DownFile.cpp">
      <Filter>Common</Filter>
    </ClCompile>
  </ItemGroup>
  <ItemGroup>
    <CustomBuild Include="Asm.asm">
      <Filter>源文件</Filter>
    </CustomBuild>
  </ItemGroup>
</Project>